# THIS IS AN AUTOGENERATED FILE. DO NOT EDIT THIS FILE DIRECTLY.
# yarn lockfile v1


"@types/validator@^13.11.8":
  version "13.11.8"
  resolved "https://registry.yarnpkg.com/@types/validator/-/validator-13.11.8.tgz#bb1162ec0fe6f87c95ca812f15b996fcc5e1e2dc"
  integrity sha512-c/hzNDBh7eRF+KbCf+OoZxKbnkpaK/cKp9iLQWqB7muXtM+MtL9SUUH8vCFcLn6dH1Qm05jiexK0ofWY7TfOhQ==

class-transformer@^0.5.1:
  version "0.5.1"
  resolved "https://registry.yarnpkg.com/class-transformer/-/class-transformer-0.5.1.tgz#24147d5dffd2a6cea930a3250a677addf96ab336"
  integrity sha512-SQa1Ws6hUbfC98vKGxZH3KFY0Y1lm5Zm0SY8XX9zbK7FJCyVEac3ATW0RIpwzW+oOfmHE5PMPufDG9hCfoEOMw==

class-validator@^0.14.1:
  version "0.14.1"
  resolved "https://registry.yarnpkg.com/class-validator/-/class-validator-0.14.1.tgz#ff2411ed8134e9d76acfeb14872884448be98110"
  integrity sha512-2VEG9JICxIqTpoK1eMzZqaV+u/EiwEJkMGzTrZf6sU/fwsnOITVgYJ8yojSy6CaXtO9V0Cc6ZQZ8h8m4UBuLwQ==
  dependencies:
    "@types/validator" "^13.11.8"
    libphonenumber-js "^1.10.53"
    validator "^13.9.0"

libphonenumber-js@^1.10.53:
  version "1.10.53"
  resolved "https://registry.yarnpkg.com/libphonenumber-js/-/libphonenumber-js-1.10.53.tgz#8dbfe1355ef1a3d8e13b8d92849f7db7ebddc98f"
  integrity sha512-sDTnnqlWK4vH4AlDQuswz3n4Hx7bIQWTpIcScJX+Sp7St3LXHmfiax/ZFfyYxHmkdCvydOLSuvtAO/XpXiSySw==

validator@^13.9.0:
  version "13.11.0"
  resolved "https://registry.yarnpkg.com/validator/-/validator-13.11.0.tgz#23ab3fd59290c61248364eabf4067f04955fbb1b"
  integrity sha512-Ii+sehpSfZy+At5nPdnyMhx78fEoPDkR2XW/zimHEL3MyGJQOCQ7WeP20jPYRz7ZCpcKLB21NxuXHF3bxjStBQ==
